{
  "originHash" : "dad151b2705bd9d972590f53c1542e76175dd3c63eadea1866c48d1ec2d16867",
  "pins" : [
    {
      "identity" : "groceryappshareddto",
      "kind" : "remoteSourceControl",
      "location" : "https://github.com/hdkmodha/GroceryAppSharedDTO.git",
      "state" : {
        "revision" : "1e60bdb6b1b76a4f4d605e6fdb0cb834ddc599d1",
        "version" : "1.2.1"
      }
    }
  ],
  "version" : 3
}
